
Microsoft Visual Studio Solution File, Format Version 12.00
# Visual Studio Version 17
VisualStudioVersion = 17.11.35327.3
MinimumVisualStudioVersion = 10.0.40219.1
Project("{FAE04EC0-301F-11D3-BF4B-00C04F79EFBC}") = "Metodichka", "Metodichka.csproj", "{2B8CDAD7-4683-441B-828E-3AF6AAA8AC53}"
EndProject
Project("{FAE04EC0-301F-11D3-BF4B-00C04F79EFBC}") = "Failik", "..\ConsoleApp3\Failik.csproj", "{BE3933A0-BAA8-40B8-A115-E849F06DADAB}"
EndProject
Global
	GlobalSection(SolutionConfigurationPlatforms) = preSolution
		Debug|Any CPU = Debug|Any CPU
		Release|Any CPU = Release|Any CPU
	EndGlobalSection
	GlobalSection(ProjectConfigurationPlatforms) = postSolution
		{2B8CDAD7-4683-441B-828E-3AF6AAA8AC53}.Debug|Any CPU.ActiveCfg = Debug|Any CPU
		{2B8CDAD7-4683-441B-828E-3AF6AAA8AC53}.Debug|Any CPU.Build.0 = Debug|Any CPU
		{2B8CDAD7-4683-441B-828E-3AF6AAA8AC53}.Release|Any CPU.ActiveCfg = Release|Any CPU
		{2B8CDAD7-4683-441B-828E-3AF6AAA8AC53}.Release|Any CPU.Build.0 = Release|Any CPU
		{BE3933A0-BAA8-40B8-A115-E849F06DADAB}.Debug|Any CPU.ActiveCfg = Debug|Any CPU
		{BE3933A0-BAA8-40B8-A115-E849F06DADAB}.Debug|Any CPU.Build.0 = Debug|Any CPU
		{BE3933A0-BAA8-40B8-A115-E849F06DADAB}.Release|Any CPU.ActiveCfg = Release|Any CPU
		{BE3933A0-BAA8-40B8-A115-E849F06DADAB}.Release|Any CPU.Build.0 = Release|Any CPU
	EndGlobalSection
	GlobalSection(SolutionProperties) = preSolution
		HideSolutionNode = FALSE
	EndGlobalSection
	GlobalSection(ExtensibilityGlobals) = postSolution
		SolutionGuid = {459378AA-5B7D-474A-8EC7-894428D18D3B}
	EndGlobalSection
EndGlobal
